
Microsoft Visual Studio Solution File, Format Version 12.00
# Visual Studio Version 17
VisualStudioVersion = 17.9.34728.123
MinimumVisualStudioVersion = 10.0.40219.1
Project("{FAE04EC0-301F-11D3-BF4B-00C04F79EFBC}") = "Way2CommerceTest.Api", "src\Way2CommerceTest.Api\Way2CommerceTest.Api.csproj", "{3E605045-2757-49FB-B72D-BD0481A2DE11}"
EndProject
Global
	GlobalSection(SolutionConfigurationPlatforms) = preSolution
		Debug|Any CPU = Debug|Any CPU
		Release|Any CPU = Release|Any CPU
	EndGlobalSection
	GlobalSection(ProjectConfigurationPlatforms) = postSolution
		{3E605045-2757-49FB-B72D-BD0481A2DE11}.Debug|Any CPU.ActiveCfg = Debug|Any CPU
		{3E605045-2757-49FB-B72D-BD0481A2DE11}.Debug|Any CPU.Build.0 = Debug|Any CPU
		{3E605045-2757-49FB-B72D-BD0481A2DE11}.Release|Any CPU.ActiveCfg = Release|Any CPU
		{3E605045-2757-49FB-B72D-BD0481A2DE11}.Release|Any CPU.Build.0 = Release|Any CPU
	EndGlobalSection
	GlobalSection(SolutionProperties) = preSolution
		HideSolutionNode = FALSE
	EndGlobalSection
	GlobalSection(ExtensibilityGlobals) = postSolution
		SolutionGuid = {8F13BBAA-205E-4461-9651-366D6953C70D}
	EndGlobalSection
EndGlobal
